// !$*UTF8*$!
{
	archiveVersion = 1;
	classes = {
	};
	objectVersion = 56;
	objects = {

/* Begin PBXBuildFile section */
		5FEDEC1990F9C0BB85CDC391 /* Pods_GitHubDemoTests.framework in Frameworks */ = {isa = PBXBuildFile; fileRef = 5CEF0BFEE9F38444C306D0B5 /* Pods_GitHubDemoTests.framework */; };
		BA2113056B40010C65D63A59 /* Pods_GitHubDemo.framework in Frameworks */ = {isa = PBXBuildFile; fileRef = 00B00AC305B6C3067945D7D7 /* Pods_GitHubDemo.framework */; };
		DE431E0729D06B4200F28B3D /* GitHubDemoApp.swift in Sources */ = {isa = PBXBuildFile; fileRef = DE431E0629D06B4200F28B3D /* GitHubDemoApp.swift */; };
		DE431E0929D06B4200F28B3D /* ContentView.swift in Sources */ = {isa = PBXBuildFile; fileRef = DE431E0829D06B4200F28B3D /* ContentView.swift */; };
		DE431E0B29D06B4300F28B3D /* Assets.xcassets in Resources */ = {isa = PBXBuildFile; fileRef = DE431E0A29D06B4300F28B3D /* Assets.xcassets */; };
		DE431E0E29D06B4300F28B3D /* Preview Assets.xcassets in Resources */ = {isa = PBXBuildFile; fileRef = DE431E0D29D06B4300F28B3D /* Preview Assets.xcassets */; };
		DE431E1829D06B4300F28B3D /* GitHubDemoTests.swift in Sources */ = {isa = PBXBuildFile; fileRef = DE431E1729D06B4300F28B3D /* GitHubDemoTests.swift */; };
		DE431E2229D06B4300F28B3D /* GitHubDemoUITests.swift in Sources */ = {isa = PBXBuildFile; fileRef = DE431E2129D06B4300F28B3D /* GitHubDemoUITests.swift */; };
		DE431E2429D06B4300F28B3D /* GitHubDemoUITestsLaunchTests.swift in Sources */ = {isa = PBXBuildFile; fileRef = DE431E2329D06B4300F28B3D /* GitHubDemoUITestsLaunchTests.swift */; };
		DE431E3229D09EE900F28B3D /* AppCenterAnalytics in Frameworks */ = {isa = PBXBuildFile; productRef = DE431E3129D09EE900F28B3D /* AppCenterAnalytics */; };
		DE431E3429D09EE900F28B3D /* AppCenterCrashes in Frameworks */ = {isa = PBXBuildFile; productRef = DE431E3329D09EE900F28B3D /* AppCenterCrashes */; };
		DE431E3629D09EE900F28B3D /* AppCenterDistribute in Frameworks */ = {isa = PBXBuildFile; productRef = DE431E3529D09EE900F28B3D /* AppCenterDistribute */; };
		DE431E3929D0A3D500F28B3D /* AppCenterAnalytics in Frameworks */ = {isa = PBXBuildFile; productRef = DE431E3829D0A3D500F28B3D /* AppCenterAnalytics */; };
		DE431E3B29D0A3D500F28B3D /* AppCenterCrashes in Frameworks */ = {isa = PBXBuildFile; productRef = DE431E3A29D0A3D500F28B3D /* AppCenterCrashes */; };
		DE431E3D29D0A3D500F28B3D /* AppCenterDistribute in Frameworks */ = {isa = PBXBuildFile; productRef = DE431E3C29D0A3D500F28B3D /* AppCenterDistribute */; };
		E91738CE5D0E160E777B2BD3 /* Pods_GitHubDemo_GitHubDemoUITests.framework in Frameworks */ = {isa = PBXBuildFile; fileRef = DE222B2FA6A8DB71C795B56A /* Pods_GitHubDemo_GitHubDemoUITests.framework */; };
/* End PBXBuildFile section */

/* Begin PBXContainerItemProxy section */
		DE431E1429D06B4300F28B3D /* PBXContainerItemProxy */ = {
			isa = PBXContainerItemProxy;
			containerPortal = DE431DFB29D06B4200F28B3D /* Project object */;
			proxyType = 1;
			remoteGlobalIDString = DE431E0229D06B4200F28B3D;
			remoteInfo = GitHubDemo;
		};
		DE431E1E29D06B4300F28B3D /* PBXContainerItemProxy */ = {
			isa = PBXContainerItemProxy;
			containerPortal = DE431DFB29D06B4200F28B3D /* Project object */;
			proxyType = 1;
			remoteGlobalIDString = DE431E0229D06B4200F28B3D;
			remoteInfo = GitHubDemo;
		};
/* End PBXContainerItemProxy section */

/* Begin PBXFileReference section */
		00B00AC305B6C3067945D7D7 /* Pods_GitHubDemo.framework */ = {isa = PBXFileReference; explicitFileType = wrapper.framework; includeInIndex = 0; path = Pods_GitHubDemo.framework; sourceTree = BUILT_PRODUCTS_DIR; };
		45BD2326674CB3AD970073BF /* Pods-GitHubDemo.debug.xcconfig */ = {isa = PBXFileReference; includeInIndex = 1; lastKnownFileType = text.xcconfig; name = "Pods-GitHubDemo.debug.xcconfig"; path = "Target Support Files/Pods-GitHubDemo/Pods-GitHubDemo.debug.xcconfig"; sourceTree = "<group>"; };
		5CEF0BFEE9F38444C306D0B5 /* Pods_GitHubDemoTests.framework */ = {isa = PBXFileReference; explicitFileType = wrapper.framework; includeInIndex = 0; path = Pods_GitHubDemoTests.framework; sourceTree = BUILT_PRODUCTS_DIR; };
		88989DEFFAB8B106D4705382 /* Pods-GitHubDemo-GitHubDemoUITests.debug.xcconfig */ = {isa = PBXFileReference; includeInIndex = 1; lastKnownFileType = text.xcconfig; name = "Pods-GitHubDemo-GitHubDemoUITests.debug.xcconfig"; path = "Target Support Files/Pods-GitHubDemo-GitHubDemoUITests/Pods-GitHubDemo-GitHubDemoUITests.debug.xcconfig"; sourceTree = "<group>"; };
		9C4D65838A8D56A818804872 /* Pods-GitHubDemo-GitHubDemoUITests.release.xcconfig */ = {isa = PBXFileReference; includeInIndex = 1; lastKnownFileType = text.xcconfig; name = "Pods-GitHubDemo-GitHubDemoUITests.release.xcconfig"; path = "Target Support Files/Pods-GitHubDemo-GitHubDemoUITests/Pods-GitHubDemo-GitHubDemoUITests.release.xcconfig"; sourceTree = "<group>"; };
		9CE953950F0B28CFF0D29968 /* Pods-GitHubDemoTests.debug.xcconfig */ = {isa = PBXFileReference; includeInIndex = 1; lastKnownFileType = text.xcconfig; name = "Pods-GitHubDemoTests.debug.xcconfig"; path = "Target Support Files/Pods-GitHubDemoTests/Pods-GitHubDemoTests.debug.xcconfig"; sourceTree = "<group>"; };
		A849A5F374CF6193AF4E5884 /* Pods-GitHubDemoTests.release.xcconfig */ = {isa = PBXFileReference; includeInIndex = 1; lastKnownFileType = text.xcconfig; name = "Pods-GitHubDemoTests.release.xcconfig"; path = "Target Support Files/Pods-GitHubDemoTests/Pods-GitHubDemoTests.release.xcconfig"; sourceTree = "<group>"; };
		DE222B2FA6A8DB71C795B56A /* Pods_GitHubDemo_GitHubDemoUITests.framework */ = {isa = PBXFileReference; explicitFileType = wrapper.framework; includeInIndex = 0; path = Pods_GitHubDemo_GitHubDemoUITests.framework; sourceTree = BUILT_PRODUCTS_DIR; };
		DE431E0329D06B4200F28B3D /* GitHubDemo.app */ = {isa = PBXFileReference; explicitFileType = wrapper.application; includeInIndex = 0; path = GitHubDemo.app; sourceTree = BUILT_PRODUCTS_DIR; };
		DE431E0629D06B4200F28B3D /* GitHubDemoApp.swift */ = {isa = PBXFileReference; lastKnownFileType = sourcecode.swift; path = GitHubDemoApp.swift; sourceTree = "<group>"; };
		DE431E0829D06B4200F28B3D /* ContentView.swift */ = {isa = PBXFileReference; lastKnownFileType = sourcecode.swift; path = ContentView.swift; sourceTree = "<group>"; };
		DE431E0A29D06B4300F28B3D /* Assets.xcassets */ = {isa = PBXFileReference; lastKnownFileType = folder.assetcatalog; path = Assets.xcassets; sourceTree = "<group>"; };
		DE431E0D29D06B4300F28B3D /* Preview Assets.xcassets */ = {isa = PBXFileReference; lastKnownFileType = folder.assetcatalog; path = "Preview Assets.xcassets"; sourceTree = "<group>"; };
		DE431E1329D06B4300F28B3D /* GitHubDemoTests.xctest */ = {isa = PBXFileReference; explicitFileType = wrapper.cfbundle; includeInIndex = 0; path = GitHubDemoTests.xctest; sourceTree = BUILT_PRODUCTS_DIR; };
		DE431E1729D06B4300F28B3D /* GitHubDemoTests.swift */ = {isa = PBXFileReference; lastKnownFileType = sourcecode.swift; path = GitHubDemoTests.swift; sourceTree = "<group>"; };
		DE431E1D29D06B4300F28B3D /* GitHubDemoUITests.xctest */ = {isa = PBXFileReference; explicitFileType = wrapper.cfbundle; includeInIndex = 0; path = GitHubDemoUITests.xctest; sourceTree = BUILT_PRODUCTS_DIR; };
		DE431E2129D06B4300F28B3D /* GitHubDemoUITests.swift */ = {isa = PBXFileReference; lastKnownFileType = sourcecode.swift; path = GitHubDemoUITests.swift; sourceTree = "<group>"; };
		DE431E2329D06B4300F28B3D /* GitHubDemoUITestsLaunchTests.swift */ = {isa = PBXFileReference; lastKnownFileType = sourcecode.swift; path = GitHubDemoUITestsLaunchTests.swift; sourceTree = "<group>"; };
		DE431E3729D09F6A00F28B3D /* Info.plist */ = {isa = PBXFileReference; lastKnownFileType = text.plist; path = Info.plist; sourceTree = "<group>"; };
		F981D720A69A27BE24463FC3 /* Pods-GitHubDemo.release.xcconfig */ = {isa = PBXFileReference; includeInIndex = 1; lastKnownFileType = text.xcconfig; name = "Pods-GitHubDemo.release.xcconfig"; path = "Target Support Files/Pods-GitHubDemo/Pods-GitHubDemo.release.xcconfig"; sourceTree = "<group>"; };
/* End PBXFileReference section */

/* Begin PBXFrameworksBuildPhase section */
		DE431E0029D06B4200F28B3D /* Frameworks */ = {
			isa = PBXFrameworksBuildPhase;
			buildActionMask = 2147483647;
			files = (
				DE431E3629D09EE900F28B3D /* AppCenterDistribute in Frameworks */,
				DE431E3229D09EE900F28B3D /* AppCenterAnalytics in Frameworks */,
				DE431E3429D09EE900F28B3D /* AppCenterCrashes in Frameworks */,
				BA2113056B40010C65D63A59 /* Pods_GitHubDemo.framework in Frameworks */,
			);
			runOnlyForDeploymentPostprocessing = 0;
		};
		DE431E1029D06B4300F28B3D /* Frameworks */ = {
			isa = PBXFrameworksBuildPhase;
			buildActionMask = 2147483647;
			files = (
				DE431E3D29D0A3D500F28B3D /* AppCenterDistribute in Frameworks */,
				DE431E3929D0A3D500F28B3D /* AppCenterAnalytics in Frameworks */,
				DE431E3B29D0A3D500F28B3D /* AppCenterCrashes in Frameworks */,
				5FEDEC1990F9C0BB85CDC391 /* Pods_GitHubDemoTests.framework in Frameworks */,
			);
			runOnlyForDeploymentPostprocessing = 0;
		};
		DE431E1A29D06B4300F28B3D /* Frameworks */ = {
			isa = PBXFrameworksBuildPhase;
			buildActionMask = 2147483647;
			files = (
				E91738CE5D0E160E777B2BD3 /* Pods_GitHubDemo_GitHubDemoUITests.framework in Frameworks */,
			);
			runOnlyForDeploymentPostprocessing = 0;
		};
/* End PBXFrameworksBuildPhase section */

/* Begin PBXGroup section */
		04CFB98DB2AA32A82DFC0FF7 /* Pods */ = {
			isa = PBXGroup;
			children = (
				45BD2326674CB3AD970073BF /* Pods-GitHubDemo.debug.xcconfig */,
				F981D720A69A27BE24463FC3 /* Pods-GitHubDemo.release.xcconfig */,
				88989DEFFAB8B106D4705382 /* Pods-GitHubDemo-GitHubDemoUITests.debug.xcconfig */,
				9C4D65838A8D56A818804872 /* Pods-GitHubDemo-GitHubDemoUITests.release.xcconfig */,
				9CE953950F0B28CFF0D29968 /* Pods-GitHubDemoTests.debug.xcconfig */,
				A849A5F374CF6193AF4E5884 /* Pods-GitHubDemoTests.release.xcconfig */,
			);
			path = Pods;
			sourceTree = "<group>";
		};
		0CB849BE927032B5BEA02C3F /* Frameworks */ = {
			isa = PBXGroup;
			children = (
				00B00AC305B6C3067945D7D7 /* Pods_GitHubDemo.framework */,
				DE222B2FA6A8DB71C795B56A /* Pods_GitHubDemo_GitHubDemoUITests.framework */,
				5CEF0BFEE9F38444C306D0B5 /* Pods_GitHubDemoTests.framework */,
			);
			name = Frameworks;
			sourceTree = "<group>";
		};
		DE431DFA29D06B4200F28B3D = {
			isa = PBXGroup;
			children = (
				DE431E0529D06B4200F28B3D /* GitHubDemo */,
				DE431E1629D06B4300F28B3D /* GitHubDemoTests */,
				DE431E2029D06B4300F28B3D /* GitHubDemoUITests */,
				DE431E0429D06B4200F28B3D /* Products */,
				04CFB98DB2AA32A82DFC0FF7 /* Pods */,
				0CB849BE927032B5BEA02C3F /* Frameworks */,
			);
			sourceTree = "<group>";
		};
		DE431E0429D06B4200F28B3D /* Products */ = {
			isa = PBXGroup;
			children = (
				DE431E0329D06B4200F28B3D /* GitHubDemo.app */,
				DE431E1329D06B4300F28B3D /* GitHubDemoTests.xctest */,
				DE431E1D29D06B4300F28B3D /* GitHubDemoUITests.xctest */,
			);
			name = Products;
			sourceTree = "<group>";
		};
		DE431E0529D06B4200F28B3D /* GitHubDemo */ = {
			isa = PBXGroup;
			children = (
				DE431E3729D09F6A00F28B3D /* Info.plist */,
				DE431E0629D06B4200F28B3D /* GitHubDemoApp.swift */,
				DE431E0829D06B4200F28B3D /* ContentView.swift */,
				DE431E0A29D06B4300F28B3D /* Assets.xcassets */,
				DE431E0C29D06B4300F28B3D /* Preview Content */,
			);
			path = GitHubDemo;
			sourceTree = "<group>";
		};
		DE431E0C29D06B4300F28B3D /* Preview Content */ = {
			isa = PBXGroup;
			children = (
				DE431E0D29D06B4300F28B3D /* Preview Assets.xcassets */,
			);
			path = "Preview Content";
			sourceTree = "<group>";
		};
		DE431E1629D06B4300F28B3D /* GitHubDemoTests */ = {
			isa = PBXGroup;
			children = (
				DE431E1729D06B4300F28B3D /* GitHubDemoTests.swift */,
			);
			path = GitHubDemoTests;
			sourceTree = "<group>";
		};
		DE431E2029D06B4300F28B3D /* GitHubDemoUITests */ = {
			isa = PBXGroup;
			children = (
				DE431E2129D06B4300F28B3D /* GitHubDemoUITests.swift */,
				DE431E2329D06B4300F28B3D /* GitHubDemoUITestsLaunchTests.swift */,
			);
			path = GitHubDemoUITests;
			sourceTree = "<group>";
		};
/* End PBXGroup section */

/* Begin PBXNativeTarget section */
		DE431E0229D06B4200F28B3D /* GitHubDemo */ = {
			isa = PBXNativeTarget;
			buildConfigurationList = DE431E2729D06B4300F28B3D /* Build configuration list for PBXNativeTarget "GitHubDemo" */;
			buildPhases = (
				BC8C87AE4D7F1AB081E05128 /* [CP] Check Pods Manifest.lock */,
				DE431DFF29D06B4200F28B3D /* Sources */,
				DE431E0029D06B4200F28B3D /* Frameworks */,
				DE431E0129D06B4200F28B3D /* Resources */,
			);
			buildRules = (
			);
			dependencies = (
			);
			name = GitHubDemo;
			packageProductDependencies = (
				DE431E3129D09EE900F28B3D /* AppCenterAnalytics */,
				DE431E3329D09EE900F28B3D /* AppCenterCrashes */,
				DE431E3529D09EE900F28B3D /* AppCenterDistribute */,
			);
			productName = GitHubDemo;
			productReference = DE431E0329D06B4200F28B3D /* GitHubDemo.app */;
			productType = "com.apple.product-type.application";
		};
		DE431E1229D06B4300F28B3D /* GitHubDemoTests */ = {
			isa = PBXNativeTarget;
			buildConfigurationList = DE431E2A29D06B4300F28B3D /* Build configuration list for PBXNativeTarget "GitHubDemoTests" */;
			buildPhases = (
				2116A2D3AB038700B95133E0 /* [CP] Check Pods Manifest.lock */,
				DE431E0F29D06B4300F28B3D /* Sources */,
				DE431E1029D06B4300F28B3D /* Frameworks */,
				DE431E1129D06B4300F28B3D /* Resources */,
			);
			buildRules = (
			);
			dependencies = (
				DE431E1529D06B4300F28B3D /* PBXTargetDependency */,
			);
			name = GitHubDemoTests;
			packageProductDependencies = (
				DE431E3829D0A3D500F28B3D /* AppCenterAnalytics */,
				DE431E3A29D0A3D500F28B3D /* AppCenterCrashes */,
				DE431E3C29D0A3D500F28B3D /* AppCenterDistribute */,
			);
			productName = GitHubDemoTests;
			productReference = DE431E1329D06B4300F28B3D /* GitHubDemoTests.xctest */;
			productType = "com.apple.product-type.bundle.unit-test";
		};
		DE431E1C29D06B4300F28B3D /* GitHubDemoUITests */ = {
			isa = PBXNativeTarget;
			buildConfigurationList = DE431E2D29D06B4300F28B3D /* Build configuration list for PBXNativeTarget "GitHubDemoUITests" */;
			buildPhases = (
				505A3C05BC57090981A0C90D /* [CP] Check Pods Manifest.lock */,
				DE431E1929D06B4300F28B3D /* Sources */,
				DE431E1A29D06B4300F28B3D /* Frameworks */,
				DE431E1B29D06B4300F28B3D /* Resources */,
			);
			buildRules = (
			);
			dependencies = (
				DE431E1F29D06B4300F28B3D /* PBXTargetDependency */,
			);
			name = GitHubDemoUITests;
			productName = GitHubDemoUITests;
			productReference = DE431E1D29D06B4300F28B3D /* GitHubDemoUITests.xctest */;
			productType = "com.apple.product-type.bundle.ui-testing";
		};
/* End PBXNativeTarget section */

/* Begin PBXProject section */
		DE431DFB29D06B4200F28B3D /* Project object */ = {
			isa = PBXProject;
			attributes = {
				BuildIndependentTargetsInParallel = 1;
				LastSwiftUpdateCheck = 1420;
				LastUpgradeCheck = 1420;
				TargetAttributes = {
					DE431E0229D06B4200F28B3D = {
						CreatedOnToolsVersion = 14.2;
					};
					DE431E1229D06B4300F28B3D = {
						CreatedOnToolsVersion = 14.2;
						TestTargetID = DE431E0229D06B4200F28B3D;
					};
					DE431E1C29D06B4300F28B3D = {
						CreatedOnToolsVersion = 14.2;
						TestTargetID = DE431E0229D06B4200F28B3D;
					};
				};
			};
			buildConfigurationList = DE431DFE29D06B4200F28B3D /* Build configuration list for PBXProject "GitHubDemo" */;
			compatibilityVersion = "Xcode 14.0";
			developmentRegion = en;
			hasScannedForEncodings = 0;
			knownRegions = (
				en,
				Base,
			);
			mainGroup = DE431DFA29D06B4200F28B3D;
			packageReferences = (
				DE431E3029D09EE900F28B3D /* XCRemoteSwiftPackageReference "appcenter-sdk-apple" */,
			);
			productRefGroup = DE431E0429D06B4200F28B3D /* Products */;
			projectDirPath = "";
			projectRoot = "";
			targets = (
				DE431E0229D06B4200F28B3D /* GitHubDemo */,
				DE431E1229D06B4300F28B3D /* GitHubDemoTests */,
				DE431E1C29D06B4300F28B3D /* GitHubDemoUITests */,
			);
		};
/* End PBXProject section */

/* Begin PBXResourcesBuildPhase section */
		DE431E0129D06B4200F28B3D /* Resources */ = {
			isa = PBXResourcesBuildPhase;
			buildActionMask = 2147483647;
			files = (
				DE431E0E29D06B4300F28B3D /* Preview Assets.xcassets in Resources */,
				DE431E0B29D06B4300F28B3D /* Assets.xcassets in Resources */,
			);
			runOnlyForDeploymentPostprocessing = 0;
		};
		DE431E1129D06B4300F28B3D /* Resources */ = {
			isa = PBXResourcesBuildPhase;
			buildActionMask = 2147483647;
			files = (
			);
			runOnlyForDeploymentPostprocessing = 0;
		};
		DE431E1B29D06B4300F28B3D /* Resources */ = {
			isa = PBXResourcesBuildPhase;
			buildActionMask = 2147483647;
			files = (
			);
			runOnlyForDeploymentPostprocessing = 0;
		};
/* End PBXResourcesBuildPhase section */

/* Begin PBXShellScriptBuildPhase section */
		2116A2D3AB038700B95133E0 /* [CP] Check Pods Manifest.lock */ = {
			isa = PBXShellScriptBuildPhase;
			buildActionMask = 2147483647;
			files = (
			);
			inputFileListPaths = (
			);
			inputPaths = (
				"${PODS_PODFILE_DIR_PATH}/Podfile.lock",
				"${PODS_ROOT}/Manifest.lock",
			);
			name = "[CP] Check Pods Manifest.lock";
			outputFileListPaths = (
			);
			outputPaths = (
				"$(DERIVED_FILE_DIR)/Pods-GitHubDemoTests-checkManifestLockResult.txt",
			);
			runOnlyForDeploymentPostprocessing = 0;
			shellPath = /bin/sh;
			shellScript = "diff \"${PODS_PODFILE_DIR_PATH}/Podfile.lock\" \"${PODS_ROOT}/Manifest.lock\" > /dev/null\nif [ $? != 0 ] ; then\n    # print error to STDERR\n    echo \"error: The sandbox is not in sync with the Podfile.lock. Run 'pod install' or update your CocoaPods installation.\" >&2\n    exit 1\nfi\n# This output is used by Xcode 'outputs' to avoid re-running this script phase.\necho \"SUCCESS\" > \"${SCRIPT_OUTPUT_FILE_0}\"\n";
			showEnvVarsInLog = 0;
		};
		505A3C05BC57090981A0C90D /* [CP] Check Pods Manifest.lock */ = {
			isa = PBXShellScriptBuildPhase;
			buildActionMask = 2147483647;
			files = (
			);
			inputFileListPaths = (
			);
			inputPaths = (
				"${PODS_PODFILE_DIR_PATH}/Podfile.lock",
				"${PODS_ROOT}/Manifest.lock",
			);
			name = "[CP] Check Pods Manifest.lock";
			outputFileListPaths = (
			);
			outputPaths = (
				"$(DERIVED_FILE_DIR)/Pods-GitHubDemo-GitHubDemoUITests-checkManifestLockResult.txt",
			);
			runOnlyForDeploymentPostprocessing = 0;
			shellPath = /bin/sh;
			shellScript = "diff \"${PODS_PODFILE_DIR_PATH}/Podfile.lock\" \"${PODS_ROOT}/Manifest.lock\" > /dev/null\nif [ $? != 0 ] ; then\n    # print error to STDERR\n    echo \"error: The sandbox is not in sync with the Podfile.lock. Run 'pod install' or update your CocoaPods installation.\" >&2\n    exit 1\nfi\n# This output is used by Xcode 'outputs' to avoid re-running this script phase.\necho \"SUCCESS\" > \"${SCRIPT_OUTPUT_FILE_0}\"\n";
			showEnvVarsInLog = 0;
		};
		BC8C87AE4D7F1AB081E05128 /* [CP] Check Pods Manifest.lock */ = {
			isa = PBXShellScriptBuildPhase;
			buildActionMask = 2147483647;
			files = (
			);
			inputFileListPaths = (
			);
			inputPaths = (
				"${PODS_PODFILE_DIR_PATH}/Podfile.lock",
				"${PODS_ROOT}/Manifest.lock",
			);
			name = "[CP] Check Pods Manifest.lock";
			outputFileListPaths = (
			);
			outputPaths = (
				"$(DERIVED_FILE_DIR)/Pods-GitHubDemo-checkManifestLockResult.txt",
			);
			runOnlyForDeploymentPostprocessing = 0;
			shellPath = /bin/sh;
			shellScript = "diff \"${PODS_PODFILE_DIR_PATH}/Podfile.lock\" \"${PODS_ROOT}/Manifest.lock\" > /dev/null\nif [ $? != 0 ] ; then\n    # print error to STDERR\n    echo \"error: The sandbox is not in sync with the Podfile.lock. Run 'pod install' or update your CocoaPods installation.\" >&2\n    exit 1\nfi\n# This output is used by Xcode 'outputs' to avoid re-running this script phase.\necho \"SUCCESS\" > \"${SCRIPT_OUTPUT_FILE_0}\"\n";
			showEnvVarsInLog = 0;
		};
/* End PBXShellScriptBuildPhase section */

/* Begin PBXSourcesBuildPhase section */
		DE431DFF29D06B4200F28B3D /* Sources */ = {
			isa = PBXSourcesBuildPhase;
			buildActionMask = 2147483647;
			files = (
				DE431E0929D06B4200F28B3D /* ContentView.swift in Sources */,
				DE431E0729D06B4200F28B3D /* GitHubDemoApp.swift in Sources */,
			);
			runOnlyForDeploymentPostprocessing = 0;
		};
		DE431E0F29D06B4300F28B3D /* Sources */ = {
			isa = PBXSourcesBuildPhase;
			buildActionMask = 2147483647;
			files = (
				DE431E1829D06B4300F28B3D /* GitHubDemoTests.swift in Sources */,
			);
			runOnlyForDeploymentPostprocessing = 0;
		};
		DE431E1929D06B4300F28B3D /* Sources */ = {
			isa = PBXSourcesBuildPhase;
			buildActionMask = 2147483647;
			files = (
				DE431E2429D06B4300F28B3D /* GitHubDemoUITestsLaunchTests.swift in Sources */,
				DE431E2229D06B4300F28B3D /* GitHubDemoUITests.swift in Sources */,
			);
			runOnlyForDeploymentPostprocessing = 0;
		};
/* End PBXSourcesBuildPhase section */

/* Begin PBXTargetDependency section */
		DE431E1529D06B4300F28B3D /* PBXTargetDependency */ = {
			isa = PBXTargetDependency;
			target = DE431E0229D06B4200F28B3D /* GitHubDemo */;
			targetProxy = DE431E1429D06B4300F28B3D /* PBXContainerItemProxy */;
		};
		DE431E1F29D06B4300F28B3D /* PBXTargetDependency */ = {
			isa = PBXTargetDependency;
			target = DE431E0229D06B4200F28B3D /* GitHubDemo */;
			targetProxy = DE431E1E29D06B4300F28B3D /* PBXContainerItemProxy */;
		};
/* End PBXTargetDependency section */

/* Begin XCBuildConfiguration section */
		DE431E2529D06B4300F28B3D /* Debug */ = {
			isa = XCBuildConfiguration;
			buildSettings = {
				ALWAYS_SEARCH_USER_PATHS = NO;
				CLANG_ANALYZER_NONNULL = YES;
				CLANG_ANALYZER_NUMBER_OBJECT_CONVERSION = YES_AGGRESSIVE;
				CLANG_CXX_LANGUAGE_STANDARD = "gnu++20";
				CLANG_ENABLE_MODULES = YES;
				CLANG_ENABLE_OBJC_ARC = YES;
				CLANG_ENABLE_OBJC_WEAK = YES;
				CLANG_WARN_BLOCK_CAPTURE_AUTORELEASING = YES;
				CLANG_WARN_BOOL_CONVERSION = YES;
				CLANG_WARN_COMMA = YES;
				CLANG_WARN_CONSTANT_CONVERSION = YES;
				CLANG_WARN_DEPRECATED_OBJC_IMPLEMENTATIONS = YES;
				CLANG_WARN_DIRECT_OBJC_ISA_USAGE = YES_ERROR;
				CLANG_WARN_DOCUMENTATION_COMMENTS = YES;
				CLANG_WARN_EMPTY_BODY = YES;
				CLANG_WARN_ENUM_CONVERSION = YES;
				CLANG_WARN_INFINITE_RECURSION = YES;
				CLANG_WARN_INT_CONVERSION = YES;
				CLANG_WARN_NON_LITERAL_NULL_CONVERSION = YES;
				CLANG_WARN_OBJC_IMPLICIT_RETAIN_SELF = YES;
				CLANG_WARN_OBJC_LITERAL_CONVERSION = YES;
				CLANG_WARN_OBJC_ROOT_CLASS = YES_ERROR;
				CLANG_WARN_QUOTED_INCLUDE_IN_FRAMEWORK_HEADER = YES;
				CLANG_WARN_RANGE_LOOP_ANALYSIS = YES;
				CLANG_WARN_STRICT_PROTOTYPES = YES;
				CLANG_WARN_SUSPICIOUS_MOVE = YES;
				CLANG_WARN_UNGUARDED_AVAILABILITY = YES_AGGRESSIVE;
				CLANG_WARN_UNREACHABLE_CODE = YES;
				CLANG_WARN__DUPLICATE_METHOD_MATCH = YES;
				COPY_PHASE_STRIP = NO;
				DEBUG_INFORMATION_FORMAT = dwarf;
				ENABLE_STRICT_OBJC_MSGSEND = YES;
				ENABLE_TESTABILITY = YES;
				GCC_C_LANGUAGE_STANDARD = gnu11;
				GCC_DYNAMIC_NO_PIC = NO;
				GCC_NO_COMMON_BLOCKS = YES;
				GCC_OPTIMIZATION_LEVEL = 0;
				GCC_PREPROCESSOR_DEFINITIONS = (
					"DEBUG=1",
					"$(inherited)",
				);
				GCC_WARN_64_TO_32_BIT_CONVERSION = YES;
				GCC_WARN_ABOUT_RETURN_TYPE = YES_ERROR;
				GCC_WARN_UNDECLARED_SELECTOR = YES;
				GCC_WARN_UNINITIALIZED_AUTOS = YES_AGGRESSIVE;
				GCC_WARN_UNUSED_FUNCTION = YES;
				GCC_WARN_UNUSED_VARIABLE = YES;
				IPHONEOS_DEPLOYMENT_TARGET = 16.2;
				MTL_ENABLE_DEBUG_INFO = INCLUDE_SOURCE;
				MTL_FAST_MATH = YES;
				ONLY_ACTIVE_ARCH = YES;
				SDKROOT = iphoneos;
				SWIFT_ACTIVE_COMPILATION_CONDITIONS = DEBUG;
				SWIFT_OPTIMIZATION_LEVEL = "-Onone";
			};
			name = Debug;
		};
		DE431E2629D06B4300F28B3D /* Release */ = {
			isa = XCBuildConfiguration;
			buildSettings = {
				ALWAYS_SEARCH_USER_PATHS = NO;
				CLANG_ANALYZER_NONNULL = YES;
				CLANG_ANALYZER_NUMBER_OBJECT_CONVERSION = YES_AGGRESSIVE;
				CLANG_CXX_LANGUAGE_STANDARD = "gnu++20";
				CLANG_ENABLE_MODULES = YES;
				CLANG_ENABLE_OBJC_ARC = YES;
				CLANG_ENABLE_OBJC_WEAK = YES;
				CLANG_WARN_BLOCK_CAPTURE_AUTORELEASING = YES;
				CLANG_WARN_BOOL_CONVERSION = YES;
				CLANG_WARN_COMMA = YES;
				CLANG_WARN_CONSTANT_CONVERSION = YES;
				CLANG_WARN_DEPRECATED_OBJC_IMPLEMENTATIONS = YES;
				CLANG_WARN_DIRECT_OBJC_ISA_USAGE = YES_ERROR;
				CLANG_WARN_DOCUMENTATION_COMMENTS = YES;
				CLANG_WARN_EMPTY_BODY = YES;
				CLANG_WARN_ENUM_CONVERSION = YES;
				CLANG_WARN_INFINITE_RECURSION = YES;
				CLANG_WARN_INT_CONVERSION = YES;
				CLANG_WARN_NON_LITERAL_NULL_CONVERSION = YES;
				CLANG_WARN_OBJC_IMPLICIT_RETAIN_SELF = YES;
				CLANG_WARN_OBJC_LITERAL_CONVERSION = YES;
				CLANG_WARN_OBJC_ROOT_CLASS = YES_ERROR;
				CLANG_WARN_QUOTED_INCLUDE_IN_FRAMEWORK_HEADER = YES;
				CLANG_WARN_RANGE_LOOP_ANALYSIS = YES;
				CLANG_WARN_STRICT_PROTOTYPES = YES;
				CLANG_WARN_SUSPICIOUS_MOVE = YES;
				CLANG_WARN_UNGUARDED_AVAILABILITY = YES_AGGRESSIVE;
				CLANG_WARN_UNREACHABLE_CODE = YES;
				CLANG_WARN__DUPLICATE_METHOD_MATCH = YES;
				COPY_PHASE_STRIP = NO;
				DEBUG_INFORMATION_FORMAT = "dwarf-with-dsym";
				ENABLE_NS_ASSERTIONS = NO;
				ENABLE_STRICT_OBJC_MSGSEND = YES;
				GCC_C_LANGUAGE_STANDARD = gnu11;
				GCC_NO_COMMON_BLOCKS = YES;
				GCC_WARN_64_TO_32_BIT_CONVERSION = YES;
				GCC_WARN_ABOUT_RETURN_TYPE = YES_ERROR;
				GCC_WARN_UNDECLARED_SELECTOR = YES;
				GCC_WARN_UNINITIALIZED_AUTOS = YES_AGGRESSIVE;
				GCC_WARN_UNUSED_FUNCTION = YES;
				GCC_WARN_UNUSED_VARIABLE = YES;
				IPHONEOS_DEPLOYMENT_TARGET = 16.2;
				MTL_ENABLE_DEBUG_INFO = NO;
				MTL_FAST_MATH = YES;
				SDKROOT = iphoneos;
				SWIFT_COMPILATION_MODE = wholemodule;
				SWIFT_OPTIMIZATION_LEVEL = "-O";
				VALIDATE_PRODUCT = YES;
			};
			name = Release;
		};
		DE431E2829D06B4300F28B3D /* Debug */ = {
			isa = XCBuildConfiguration;
			baseConfigurationReference = 45BD2326674CB3AD970073BF /* Pods-GitHubDemo.debug.xcconfig */;
			buildSettings = {
				ASSETCATALOG_COMPILER_APPICON_NAME = AppIcon;
				ASSETCATALOG_COMPILER_GLOBAL_ACCENT_COLOR_NAME = AccentColor;
				CODE_SIGN_STYLE = Automatic;
				CURRENT_PROJECT_VERSION = 1;
				DEVELOPMENT_ASSET_PATHS = "\"GitHubDemo/Preview Content\"";
				DEVELOPMENT_TEAM = M858RF57G5;
				ENABLE_PREVIEWS = YES;
				GENERATE_INFOPLIST_FILE = YES;
				INFOPLIST_FILE = GitHubDemo/Info.plist;
				INFOPLIST_KEY_UIApplicationSupportsIndirectInputEvents = YES;
				INFOPLIST_KEY_UILaunchScreen_Generation = YES;
				INFOPLIST_KEY_UISupportedInterfaceOrientations_iPad = "UIInterfaceOrientationPortrait UIInterfaceOrientationPortraitUpsideDown UIInterfaceOrientationLandscapeLeft UIInterfaceOrientationLandscapeRight";
				INFOPLIST_KEY_UISupportedInterfaceOrientations_iPhone = "UIInterfaceOrientationPortrait UIInterfaceOrientationLandscapeLeft UIInterfaceOrientationLandscapeRight";
				LD_RUNPATH_SEARCH_PATHS = (
					"$(inherited)",
					"@executable_path/Frameworks",
				);
				MARKETING_VERSION = 1.0;
				PRODUCT_BUNDLE_IDENTIFIER = com.company.GitHubDemo;
				PRODUCT_NAME = "$(TARGET_NAME)";
				SWIFT_EMIT_LOC_STRINGS = YES;
				SWIFT_VERSION = 5.0;
				TARGETED_DEVICE_FAMILY = "1,2";
			};
			name = Debug;
		};
		DE431E2929D06B4300F28B3D /* Release */ = {
			isa = XCBuildConfiguration;
			baseConfigurationReference = F981D720A69A27BE24463FC3 /* Pods-GitHubDemo.release.xcconfig */;
			buildSettings = {
				ASSETCATALOG_COMPILER_APPICON_NAME = AppIcon;
				ASSETCATALOG_COMPILER_GLOBAL_ACCENT_COLOR_NAME = AccentColor;
				CODE_SIGN_STYLE = Automatic;
				CURRENT_PROJECT_VERSION = 1;
				DEVELOPMENT_ASSET_PATHS = "\"GitHubDemo/Preview Content\"";
				DEVELOPMENT_TEAM = M858RF57G5;
				ENABLE_PREVIEWS = YES;
				GENERATE_INFOPLIST_FILE = YES;
				INFOPLIST_FILE = GitHubDemo/Info.plist;
				INFOPLIST_KEY_UIApplicationSupportsIndirectInputEvents = YES;
				INFOPLIST_KEY_UILaunchScreen_Generation = YES;
				INFOPLIST_KEY_UISupportedInterfaceOrientations_iPad = "UIInterfaceOrientationPortrait UIInterfaceOrientationPortraitUpsideDown UIInterfaceOrientationLandscapeLeft UIInterfaceOrientationLandscapeRight";
				INFOPLIST_KEY_UISupportedInterfaceOrientations_iPhone = "UIInterfaceOrientationPortrait UIInterfaceOrientationLandscapeLeft UIInterfaceOrientationLandscapeRight";
				LD_RUNPATH_SEARCH_PATHS = (
					"$(inherited)",
					"@executable_path/Frameworks",
				);
				MARKETING_VERSION = 1.0;
				PRODUCT_BUNDLE_IDENTIFIER = com.company.GitHubDemo;
				PRODUCT_NAME = "$(TARGET_NAME)";
				SWIFT_EMIT_LOC_STRINGS = YES;
				SWIFT_VERSION = 5.0;
				TARGETED_DEVICE_FAMILY = "1,2";
			};
			name = Release;
		};
		DE431E2B29D06B4300F28B3D /* Debug */ = {
			isa = XCBuildConfiguration;
			baseConfigurationReference = 9CE953950F0B28CFF0D29968 /* Pods-GitHubDemoTests.debug.xcconfig */;
			buildSettings = {
				ALWAYS_EMBED_SWIFT_STANDARD_LIBRARIES = YES;
				BUNDLE_LOADER = "$(TEST_HOST)";
				CODE_SIGN_STYLE = Automatic;
				CURRENT_PROJECT_VERSION = 1;
				GENERATE_INFOPLIST_FILE = YES;
				IPHONEOS_DEPLOYMENT_TARGET = 16.2;
				MARKETING_VERSION = 1.0;
				PRODUCT_BUNDLE_IDENTIFIER = com.company.GitHubDemoTests;
				PRODUCT_NAME = "$(TARGET_NAME)";
				SWIFT_EMIT_LOC_STRINGS = NO;
				SWIFT_VERSION = 5.0;
				TARGETED_DEVICE_FAMILY = "1,2";
				TEST_HOST = "$(BUILT_PRODUCTS_DIR)/GitHubDemo.app/$(BUNDLE_EXECUTABLE_FOLDER_PATH)/GitHubDemo";
			};
			name = Debug;
		};
		DE431E2C29D06B4300F28B3D /* Release */ = {
			isa = XCBuildConfiguration;
			baseConfigurationReference = A849A5F374CF6193AF4E5884 /* Pods-GitHubDemoTests.release.xcconfig */;
			buildSettings = {
				ALWAYS_EMBED_SWIFT_STANDARD_LIBRARIES = YES;
				BUNDLE_LOADER = "$(TEST_HOST)";
				CODE_SIGN_STYLE = Automatic;
				CURRENT_PROJECT_VERSION = 1;
				GENERATE_INFOPLIST_FILE = YES;
				IPHONEOS_DEPLOYMENT_TARGET = 16.2;
				MARKETING_VERSION = 1.0;
				PRODUCT_BUNDLE_IDENTIFIER = com.company.GitHubDemoTests;
				PRODUCT_NAME = "$(TARGET_NAME)";
				SWIFT_EMIT_LOC_STRINGS = NO;
				SWIFT_VERSION = 5.0;
				TARGETED_DEVICE_FAMILY = "1,2";
				TEST_HOST = "$(BUILT_PRODUCTS_DIR)/GitHubDemo.app/$(BUNDLE_EXECUTABLE_FOLDER_PATH)/GitHubDemo";
			};
			name = Release;
		};
		DE431E2E29D06B4300F28B3D /* Debug */ = {
			isa = XCBuildConfiguration;
			baseConfigurationReference = 88989DEFFAB8B106D4705382 /* Pods-GitHubDemo-GitHubDemoUITests.debug.xcconfig */;
			buildSettings = {
				ALWAYS_EMBED_SWIFT_STANDARD_LIBRARIES = YES;
				CODE_SIGN_STYLE = Automatic;
				CURRENT_PROJECT_VERSION = 1;
				GENERATE_INFOPLIST_FILE = YES;
				MARKETING_VERSION = 1.0;
				PRODUCT_BUNDLE_IDENTIFIER = com.company.GitHubDemoUITests;
				PRODUCT_NAME = "$(TARGET_NAME)";
				SWIFT_EMIT_LOC_STRINGS = NO;
				SWIFT_VERSION = 5.0;
				TARGETED_DEVICE_FAMILY = "1,2";
				TEST_TARGET_NAME = GitHubDemo;
			};
			name = Debug;
		};
		DE431E2F29D06B4300F28B3D /* Release */ = {
			isa = XCBuildConfiguration;
			baseConfigurationReference = 9C4D65838A8D56A818804872 /* Pods-GitHubDemo-GitHubDemoUITests.release.xcconfig */;
			buildSettings = {
				ALWAYS_EMBED_SWIFT_STANDARD_LIBRARIES = YES;
				CODE_SIGN_STYLE = Automatic;
				CURRENT_PROJECT_VERSION = 1;
				GENERATE_INFOPLIST_FILE = YES;
				MARKETING_VERSION = 1.0;
				PRODUCT_BUNDLE_IDENTIFIER = com.company.GitHubDemoUITests;
				PRODUCT_NAME = "$(TARGET_NAME)";
				SWIFT_EMIT_LOC_STRINGS = NO;
				SWIFT_VERSION = 5.0;
				TARGETED_DEVICE_FAMILY = "1,2";
				TEST_TARGET_NAME = GitHubDemo;
			};
			name = Release;
		};
/* End XCBuildConfiguration section */

/* Begin XCConfigurationList section */
		DE431DFE29D06B4200F28B3D /* Build configuration list for PBXProject "GitHubDemo" */ = {
			isa = XCConfigurationList;
			buildConfigurations = (
				DE431E2529D06B4300F28B3D /* Debug */,
				DE431E2629D06B4300F28B3D /* Release */,
			);
			defaultConfigurationIsVisible = 0;
			defaultConfigurationName = Release;
		};
		DE431E2729D06B4300F28B3D /* Build configuration list for PBXNativeTarget "GitHubDemo" */ = {
			isa = XCConfigurationList;
			buildConfigurations = (
				DE431E2829D06B4300F28B3D /* Debug */,
				DE431E2929D06B4300F28B3D /* Release */,
			);
			defaultConfigurationIsVisible = 0;
			defaultConfigurationName = Release;
		};
		DE431E2A29D06B4300F28B3D /* Build configuration list for PBXNativeTarget "GitHubDemoTests" */ = {
			isa = XCConfigurationList;
			buildConfigurations = (
				DE431E2B29D06B4300F28B3D /* Debug */,
				DE431E2C29D06B4300F28B3D /* Release */,
			);
			defaultConfigurationIsVisible = 0;
			defaultConfigurationName = Release;
		};
		DE431E2D29D06B4300F28B3D /* Build configuration list for PBXNativeTarget "GitHubDemoUITests" */ = {
			isa = XCConfigurationList;
			buildConfigurations = (
				DE431E2E29D06B4300F28B3D /* Debug */,
				DE431E2F29D06B4300F28B3D /* Release */,
			);
			defaultConfigurationIsVisible = 0;
			defaultConfigurationName = Release;
		};
/* End XCConfigurationList section */

/* Begin XCRemoteSwiftPackageReference section */
		DE431E3029D09EE900F28B3D /* XCRemoteSwiftPackageReference "appcenter-sdk-apple" */ = {
			isa = XCRemoteSwiftPackageReference;
			repositoryURL = "https://github.com/microsoft/appcenter-sdk-apple.git";
			requirement = {
				kind = upToNextMajorVersion;
				minimumVersion = 5.0.0;
			};
		};
/* End XCRemoteSwiftPackageReference section */

/* Begin XCSwiftPackageProductDependency section */
		DE431E3129D09EE900F28B3D /* AppCenterAnalytics */ = {
			isa = XCSwiftPackageProductDependency;
			package = DE431E3029D09EE900F28B3D /* XCRemoteSwiftPackageReference "appcenter-sdk-apple" */;
			productName = AppCenterAnalytics;
		};
		DE431E3329D09EE900F28B3D /* AppCenterCrashes */ = {
			isa = XCSwiftPackageProductDependency;
			package = DE431E3029D09EE900F28B3D /* XCRemoteSwiftPackageReference "appcenter-sdk-apple" */;
			productName = AppCenterCrashes;
		};
		DE431E3529D09EE900F28B3D /* AppCenterDistribute */ = {
			isa = XCSwiftPackageProductDependency;
			package = DE431E3029D09EE900F28B3D /* XCRemoteSwiftPackageReference "appcenter-sdk-apple" */;
			productName = AppCenterDistribute;
		};
		DE431E3829D0A3D500F28B3D /* AppCenterAnalytics */ = {
			isa = XCSwiftPackageProductDependency;
			package = DE431E3029D09EE900F28B3D /* XCRemoteSwiftPackageReference "appcenter-sdk-apple" */;
			productName = AppCenterAnalytics;
		};
		DE431E3A29D0A3D500F28B3D /* AppCenterCrashes */ = {
			isa = XCSwiftPackageProductDependency;
			package = DE431E3029D09EE900F28B3D /* XCRemoteSwiftPackageReference "appcenter-sdk-apple" */;
			productName = AppCenterCrashes;
		};
		DE431E3C29D0A3D500F28B3D /* AppCenterDistribute */ = {
			isa = XCSwiftPackageProductDependency;
			package = DE431E3029D09EE900F28B3D /* XCRemoteSwiftPackageReference "appcenter-sdk-apple" */;
			productName = AppCenterDistribute;
		};
/* End XCSwiftPackageProductDependency section */
	};
	rootObject = DE431DFB29D06B4200F28B3D /* Project object */;
}
